
Microsoft Visual Studio Solution File, Format Version 12.00
# Visual Studio Version 17
VisualStudioVersion = 17.0.31903.59
MinimumVisualStudioVersion = 10.0.40219.1
Project("{2150E333-8FDC-42A3-9474-1A3956D46DE8}") = "src", "src", "{827E0CD3-B72D-47B6-A68D-7590B98EB39B}"
EndProject
Project("{FAE04EC0-301F-11D3-BF4B-00C04F79EFBC}") = "Xping.Sdk.Core", "src\Xping.Sdk.Core\Xping.Sdk.Core.csproj", "{32F8148D-8D81-4F83-8032-7992967E2B9F}"
EndProject
Project("{FAE04EC0-301F-11D3-BF4B-00C04F79EFBC}") = "Xping.Sdk.NUnit", "src\Xping.Sdk.NUnit\Xping.Sdk.NUnit.csproj", "{AD9D006A-C924-4B05-95BB-FD310F7BAA29}"
EndProject
Project("{FAE04EC0-301F-11D3-BF4B-00C04F79EFBC}") = "Xping.Sdk.XUnit", "src\Xping.Sdk.XUnit\Xping.Sdk.XUnit.csproj", "{621CA7E8-F39E-4E8A-945B-8967C76908DF}"
EndProject
Project("{FAE04EC0-301F-11D3-BF4B-00C04F79EFBC}") = "Xping.Sdk.MSTest", "src\Xping.Sdk.MSTest\Xping.Sdk.MSTest.csproj", "{38C47280-31CB-469C-B9FF-904937568D10}"
EndProject
Project("{2150E333-8FDC-42A3-9474-1A3956D46DE8}") = "tests", "tests", "{0AB3BF05-4346-4AA6-1389-037BE0695223}"
EndProject
Project("{FAE04EC0-301F-11D3-BF4B-00C04F79EFBC}") = "Xping.Sdk.Core.Tests", "tests\Xping.Sdk.Core.Tests\Xping.Sdk.Core.Tests.csproj", "{77A8B521-AB77-427A-809F-0EA841D1BE3C}"
EndProject
Project("{FAE04EC0-301F-11D3-BF4B-00C04F79EFBC}") = "Xping.Sdk.NUnit.Tests", "tests\Xping.Sdk.NUnit.Tests\Xping.Sdk.NUnit.Tests.csproj", "{24D2381F-1341-476F-8BA8-5B1E139683FB}"
EndProject
Project("{FAE04EC0-301F-11D3-BF4B-00C04F79EFBC}") = "Xping.Sdk.XUnit.Tests", "tests\Xping.Sdk.XUnit.Tests\Xping.Sdk.XUnit.Tests.csproj", "{8627E0C4-1F6E-4961-875F-E8326A25F63D}"
EndProject
Project("{FAE04EC0-301F-11D3-BF4B-00C04F79EFBC}") = "Xping.Sdk.MSTest.Tests", "tests\Xping.Sdk.MSTest.Tests\Xping.Sdk.MSTest.Tests.csproj", "{56E227E9-5067-4157-838C-D64DDE58B846}"
EndProject
Project("{FAE04EC0-301F-11D3-BF4B-00C04F79EFBC}") = "Xping.Sdk.Integration.Tests", "tests\Xping.Sdk.Integration.Tests\Xping.Sdk.Integration.Tests.csproj", "{FC44810B-14D5-4BA7-877C-3BACB907D91A}"
EndProject
Project("{FAE04EC0-301F-11D3-BF4B-00C04F79EFBC}") = "Xping.Sdk.Benchmarks", "tests\Xping.Sdk.Benchmarks\Xping.Sdk.Benchmarks.csproj", "{B8F9A5E1-2D3C-4F7B-9E8A-1C5D6E7F8A9B}"
EndProject
Project("{2150E333-8FDC-42A3-9474-1A3956D46DE8}") = "samples", "samples", "{5D20AA90-6969-D8BD-9DCD-8634F4692FDA}"
EndProject
Project("{FAE04EC0-301F-11D3-BF4B-00C04F79EFBC}") = "SampleApp.NUnit", "samples\SampleApp.NUnit\SampleApp.NUnit.csproj", "{ED951773-0AD3-4FC9-B05D-2EB09C7E37CA}"
EndProject
Project("{FAE04EC0-301F-11D3-BF4B-00C04F79EFBC}") = "SampleApp.XUnit", "samples\SampleApp.XUnit\SampleApp.XUnit.csproj", "{286663B5-A5CF-488B-BAAD-A294D1A7B2A5}"
EndProject
Project("{FAE04EC0-301F-11D3-BF4B-00C04F79EFBC}") = "SampleApp.MSTest", "samples\SampleApp.MSTest\SampleApp.MSTest.csproj", "{F4AEC6D5-FFFE-43E7-B121-1660BE62C6D1}"
EndProject
Global
	GlobalSection(SolutionConfigurationPlatforms) = preSolution
		Debug|Any CPU = Debug|Any CPU
		Debug|x64 = Debug|x64
		Debug|x86 = Debug|x86
		Release|Any CPU = Release|Any CPU
		Release|x64 = Release|x64
		Release|x86 = Release|x86
	EndGlobalSection
	GlobalSection(ProjectConfigurationPlatforms) = postSolution
		{32F8148D-8D81-4F83-8032-7992967E2B9F}.Debug|Any CPU.ActiveCfg = Debug|Any CPU
		{32F8148D-8D81-4F83-8032-7992967E2B9F}.Debug|Any CPU.Build.0 = Debug|Any CPU
		{32F8148D-8D81-4F83-8032-7992967E2B9F}.Debug|x64.ActiveCfg = Debug|Any CPU
		{32F8148D-8D81-4F83-8032-7992967E2B9F}.Debug|x64.Build.0 = Debug|Any CPU
		{32F8148D-8D81-4F83-8032-7992967E2B9F}.Debug|x86.ActiveCfg = Debug|Any CPU
		{32F8148D-8D81-4F83-8032-7992967E2B9F}.Debug|x86.Build.0 = Debug|Any CPU
		{32F8148D-8D81-4F83-8032-7992967E2B9F}.Release|Any CPU.ActiveCfg = Release|Any CPU
		{32F8148D-8D81-4F83-8032-7992967E2B9F}.Release|Any CPU.Build.0 = Release|Any CPU
		{32F8148D-8D81-4F83-8032-7992967E2B9F}.Release|x64.ActiveCfg = Release|Any CPU
		{32F8148D-8D81-4F83-8032-7992967E2B9F}.Release|x64.Build.0 = Release|Any CPU
		{32F8148D-8D81-4F83-8032-7992967E2B9F}.Release|x86.ActiveCfg = Release|Any CPU
		{32F8148D-8D81-4F83-8032-7992967E2B9F}.Release|x86.Build.0 = Release|Any CPU
		{AD9D006A-C924-4B05-95BB-FD310F7BAA29}.Debug|Any CPU.ActiveCfg = Debug|Any CPU
		{AD9D006A-C924-4B05-95BB-FD310F7BAA29}.Debug|Any CPU.Build.0 = Debug|Any CPU
		{AD9D006A-C924-4B05-95BB-FD310F7BAA29}.Debug|x64.ActiveCfg = Debug|Any CPU
		{AD9D006A-C924-4B05-95BB-FD310F7BAA29}.Debug|x64.Build.0 = Debug|Any CPU
		{AD9D006A-C924-4B05-95BB-FD310F7BAA29}.Debug|x86.ActiveCfg = Debug|Any CPU
		{AD9D006A-C924-4B05-95BB-FD310F7BAA29}.Debug|x86.Build.0 = Debug|Any CPU
		{AD9D006A-C924-4B05-95BB-FD310F7BAA29}.Release|Any CPU.ActiveCfg = Release|Any CPU
		{AD9D006A-C924-4B05-95BB-FD310F7BAA29}.Release|Any CPU.Build.0 = Release|Any CPU
		{AD9D006A-C924-4B05-95BB-FD310F7BAA29}.Release|x64.ActiveCfg = Release|Any CPU
		{AD9D006A-C924-4B05-95BB-FD310F7BAA29}.Release|x64.Build.0 = Release|Any CPU
		{AD9D006A-C924-4B05-95BB-FD310F7BAA29}.Release|x86.ActiveCfg = Release|Any CPU
		{AD9D006A-C924-4B05-95BB-FD310F7BAA29}.Release|x86.Build.0 = Release|Any CPU
		{621CA7E8-F39E-4E8A-945B-8967C76908DF}.Debug|Any CPU.ActiveCfg = Debug|Any CPU
		{621CA7E8-F39E-4E8A-945B-8967C76908DF}.Debug|Any CPU.Build.0 = Debug|Any CPU
		{621CA7E8-F39E-4E8A-945B-8967C76908DF}.Debug|x64.ActiveCfg = Debug|Any CPU
		{621CA7E8-F39E-4E8A-945B-8967C76908DF}.Debug|x64.Build.0 = Debug|Any CPU
		{621CA7E8-F39E-4E8A-945B-8967C76908DF}.Debug|x86.ActiveCfg = Debug|Any CPU
		{621CA7E8-F39E-4E8A-945B-8967C76908DF}.Debug|x86.Build.0 = Debug|Any CPU
		{621CA7E8-F39E-4E8A-945B-8967C76908DF}.Release|Any CPU.ActiveCfg = Release|Any CPU
		{621CA7E8-F39E-4E8A-945B-8967C76908DF}.Release|Any CPU.Build.0 = Release|Any CPU
		{621CA7E8-F39E-4E8A-945B-8967C76908DF}.Release|x64.ActiveCfg = Release|Any CPU
		{621CA7E8-F39E-4E8A-945B-8967C76908DF}.Release|x64.Build.0 = Release|Any CPU
		{621CA7E8-F39E-4E8A-945B-8967C76908DF}.Release|x86.ActiveCfg = Release|Any CPU
		{621CA7E8-F39E-4E8A-945B-8967C76908DF}.Release|x86.Build.0 = Release|Any CPU
		{38C47280-31CB-469C-B9FF-904937568D10}.Debug|Any CPU.ActiveCfg = Debug|Any CPU
		{38C47280-31CB-469C-B9FF-904937568D10}.Debug|Any CPU.Build.0 = Debug|Any CPU
		{38C47280-31CB-469C-B9FF-904937568D10}.Debug|x64.ActiveCfg = Debug|Any CPU
		{38C47280-31CB-469C-B9FF-904937568D10}.Debug|x64.Build.0 = Debug|Any CPU
		{38C47280-31CB-469C-B9FF-904937568D10}.Debug|x86.ActiveCfg = Debug|Any CPU
		{38C47280-31CB-469C-B9FF-904937568D10}.Debug|x86.Build.0 = Debug|Any CPU
		{38C47280-31CB-469C-B9FF-904937568D10}.Release|Any CPU.ActiveCfg = Release|Any CPU
		{38C47280-31CB-469C-B9FF-904937568D10}.Release|Any CPU.Build.0 = Release|Any CPU
		{38C47280-31CB-469C-B9FF-904937568D10}.Release|x64.ActiveCfg = Release|Any CPU
		{38C47280-31CB-469C-B9FF-904937568D10}.Release|x64.Build.0 = Release|Any CPU
		{38C47280-31CB-469C-B9FF-904937568D10}.Release|x86.ActiveCfg = Release|Any CPU
		{38C47280-31CB-469C-B9FF-904937568D10}.Release|x86.Build.0 = Release|Any CPU
		{77A8B521-AB77-427A-809F-0EA841D1BE3C}.Debug|Any CPU.ActiveCfg = Debug|Any CPU
		{77A8B521-AB77-427A-809F-0EA841D1BE3C}.Debug|Any CPU.Build.0 = Debug|Any CPU
		{77A8B521-AB77-427A-809F-0EA841D1BE3C}.Debug|x64.ActiveCfg = Debug|Any CPU
		{77A8B521-AB77-427A-809F-0EA841D1BE3C}.Debug|x64.Build.0 = Debug|Any CPU
		{77A8B521-AB77-427A-809F-0EA841D1BE3C}.Debug|x86.ActiveCfg = Debug|Any CPU
		{77A8B521-AB77-427A-809F-0EA841D1BE3C}.Debug|x86.Build.0 = Debug|Any CPU
		{77A8B521-AB77-427A-809F-0EA841D1BE3C}.Release|Any CPU.ActiveCfg = Release|Any CPU
		{77A8B521-AB77-427A-809F-0EA841D1BE3C}.Release|Any CPU.Build.0 = Release|Any CPU
		{77A8B521-AB77-427A-809F-0EA841D1BE3C}.Release|x64.ActiveCfg = Release|Any CPU
		{77A8B521-AB77-427A-809F-0EA841D1BE3C}.Release|x64.Build.0 = Release|Any CPU
		{77A8B521-AB77-427A-809F-0EA841D1BE3C}.Release|x86.ActiveCfg = Release|Any CPU
		{77A8B521-AB77-427A-809F-0EA841D1BE3C}.Release|x86.Build.0 = Release|Any CPU
		{24D2381F-1341-476F-8BA8-5B1E139683FB}.Debug|Any CPU.ActiveCfg = Debug|Any CPU
		{24D2381F-1341-476F-8BA8-5B1E139683FB}.Debug|Any CPU.Build.0 = Debug|Any CPU
		{24D2381F-1341-476F-8BA8-5B1E139683FB}.Debug|x64.ActiveCfg = Debug|Any CPU
		{24D2381F-1341-476F-8BA8-5B1E139683FB}.Debug|x64.Build.0 = Debug|Any CPU
		{24D2381F-1341-476F-8BA8-5B1E139683FB}.Debug|x86.ActiveCfg = Debug|Any CPU
		{24D2381F-1341-476F-8BA8-5B1E139683FB}.Debug|x86.Build.0 = Debug|Any CPU
		{24D2381F-1341-476F-8BA8-5B1E139683FB}.Release|Any CPU.ActiveCfg = Release|Any CPU
		{24D2381F-1341-476F-8BA8-5B1E139683FB}.Release|Any CPU.Build.0 = Release|Any CPU
		{24D2381F-1341-476F-8BA8-5B1E139683FB}.Release|x64.ActiveCfg = Release|Any CPU
		{24D2381F-1341-476F-8BA8-5B1E139683FB}.Release|x64.Build.0 = Release|Any CPU
		{24D2381F-1341-476F-8BA8-5B1E139683FB}.Release|x86.ActiveCfg = Release|Any CPU
		{24D2381F-1341-476F-8BA8-5B1E139683FB}.Release|x86.Build.0 = Release|Any CPU
		{8627E0C4-1F6E-4961-875F-E8326A25F63D}.Debug|Any CPU.ActiveCfg = Debug|Any CPU
		{8627E0C4-1F6E-4961-875F-E8326A25F63D}.Debug|Any CPU.Build.0 = Debug|Any CPU
		{8627E0C4-1F6E-4961-875F-E8326A25F63D}.Debug|x64.ActiveCfg = Debug|Any CPU
		{8627E0C4-1F6E-4961-875F-E8326A25F63D}.Debug|x64.Build.0 = Debug|Any CPU
		{8627E0C4-1F6E-4961-875F-E8326A25F63D}.Debug|x86.ActiveCfg = Debug|Any CPU
		{8627E0C4-1F6E-4961-875F-E8326A25F63D}.Debug|x86.Build.0 = Debug|Any CPU
		{8627E0C4-1F6E-4961-875F-E8326A25F63D}.Release|Any CPU.ActiveCfg = Release|Any CPU
		{8627E0C4-1F6E-4961-875F-E8326A25F63D}.Release|Any CPU.Build.0 = Release|Any CPU
		{8627E0C4-1F6E-4961-875F-E8326A25F63D}.Release|x64.ActiveCfg = Release|Any CPU
		{8627E0C4-1F6E-4961-875F-E8326A25F63D}.Release|x64.Build.0 = Release|Any CPU
		{8627E0C4-1F6E-4961-875F-E8326A25F63D}.Release|x86.ActiveCfg = Release|Any CPU
		{8627E0C4-1F6E-4961-875F-E8326A25F63D}.Release|x86.Build.0 = Release|Any CPU
		{56E227E9-5067-4157-838C-D64DDE58B846}.Debug|Any CPU.ActiveCfg = Debug|Any CPU
		{56E227E9-5067-4157-838C-D64DDE58B846}.Debug|Any CPU.Build.0 = Debug|Any CPU
		{56E227E9-5067-4157-838C-D64DDE58B846}.Debug|x64.ActiveCfg = Debug|Any CPU
		{56E227E9-5067-4157-838C-D64DDE58B846}.Debug|x64.Build.0 = Debug|Any CPU
		{56E227E9-5067-4157-838C-D64DDE58B846}.Debug|x86.ActiveCfg = Debug|Any CPU
		{56E227E9-5067-4157-838C-D64DDE58B846}.Debug|x86.Build.0 = Debug|Any CPU
		{56E227E9-5067-4157-838C-D64DDE58B846}.Release|Any CPU.ActiveCfg = Release|Any CPU
		{56E227E9-5067-4157-838C-D64DDE58B846}.Release|Any CPU.Build.0 = Release|Any CPU
		{56E227E9-5067-4157-838C-D64DDE58B846}.Release|x64.ActiveCfg = Release|Any CPU
		{56E227E9-5067-4157-838C-D64DDE58B846}.Release|x64.Build.0 = Release|Any CPU
		{56E227E9-5067-4157-838C-D64DDE58B846}.Release|x86.ActiveCfg = Release|Any CPU
		{56E227E9-5067-4157-838C-D64DDE58B846}.Release|x86.Build.0 = Release|Any CPU
		{FC44810B-14D5-4BA7-877C-3BACB907D91A}.Debug|Any CPU.ActiveCfg = Debug|Any CPU
		{FC44810B-14D5-4BA7-877C-3BACB907D91A}.Debug|Any CPU.Build.0 = Debug|Any CPU
		{FC44810B-14D5-4BA7-877C-3BACB907D91A}.Debug|x64.ActiveCfg = Debug|Any CPU
		{FC44810B-14D5-4BA7-877C-3BACB907D91A}.Debug|x64.Build.0 = Debug|Any CPU
		{FC44810B-14D5-4BA7-877C-3BACB907D91A}.Debug|x86.ActiveCfg = Debug|Any CPU
		{FC44810B-14D5-4BA7-877C-3BACB907D91A}.Debug|x86.Build.0 = Debug|Any CPU
		{FC44810B-14D5-4BA7-877C-3BACB907D91A}.Release|Any CPU.ActiveCfg = Release|Any CPU
		{FC44810B-14D5-4BA7-877C-3BACB907D91A}.Release|Any CPU.Build.0 = Release|Any CPU
		{FC44810B-14D5-4BA7-877C-3BACB907D91A}.Release|x64.ActiveCfg = Release|Any CPU
		{FC44810B-14D5-4BA7-877C-3BACB907D91A}.Release|x64.Build.0 = Release|Any CPU
		{FC44810B-14D5-4BA7-877C-3BACB907D91A}.Release|x86.ActiveCfg = Release|Any CPU
		{FC44810B-14D5-4BA7-877C-3BACB907D91A}.Release|x86.Build.0 = Release|Any CPU
		{B8F9A5E1-2D3C-4F7B-9E8A-1C5D6E7F8A9B}.Debug|Any CPU.ActiveCfg = Debug|Any CPU
		{B8F9A5E1-2D3C-4F7B-9E8A-1C5D6E7F8A9B}.Debug|Any CPU.Build.0 = Debug|Any CPU
		{B8F9A5E1-2D3C-4F7B-9E8A-1C5D6E7F8A9B}.Debug|x64.ActiveCfg = Debug|Any CPU
		{B8F9A5E1-2D3C-4F7B-9E8A-1C5D6E7F8A9B}.Debug|x64.Build.0 = Debug|Any CPU
		{B8F9A5E1-2D3C-4F7B-9E8A-1C5D6E7F8A9B}.Debug|x86.ActiveCfg = Debug|Any CPU
		{B8F9A5E1-2D3C-4F7B-9E8A-1C5D6E7F8A9B}.Debug|x86.Build.0 = Debug|Any CPU
		{B8F9A5E1-2D3C-4F7B-9E8A-1C5D6E7F8A9B}.Release|Any CPU.ActiveCfg = Release|Any CPU
		{B8F9A5E1-2D3C-4F7B-9E8A-1C5D6E7F8A9B}.Release|Any CPU.Build.0 = Release|Any CPU
		{B8F9A5E1-2D3C-4F7B-9E8A-1C5D6E7F8A9B}.Release|x64.ActiveCfg = Release|Any CPU
		{B8F9A5E1-2D3C-4F7B-9E8A-1C5D6E7F8A9B}.Release|x64.Build.0 = Release|Any CPU
		{B8F9A5E1-2D3C-4F7B-9E8A-1C5D6E7F8A9B}.Release|x86.ActiveCfg = Release|Any CPU
		{B8F9A5E1-2D3C-4F7B-9E8A-1C5D6E7F8A9B}.Release|x86.Build.0 = Release|Any CPU
		{ED951773-0AD3-4FC9-B05D-2EB09C7E37CA}.Debug|Any CPU.ActiveCfg = Debug|Any CPU
		{ED951773-0AD3-4FC9-B05D-2EB09C7E37CA}.Debug|Any CPU.Build.0 = Debug|Any CPU
		{ED951773-0AD3-4FC9-B05D-2EB09C7E37CA}.Debug|x64.ActiveCfg = Debug|Any CPU
		{ED951773-0AD3-4FC9-B05D-2EB09C7E37CA}.Debug|x64.Build.0 = Debug|Any CPU
		{ED951773-0AD3-4FC9-B05D-2EB09C7E37CA}.Debug|x86.ActiveCfg = Debug|Any CPU
		{ED951773-0AD3-4FC9-B05D-2EB09C7E37CA}.Debug|x86.Build.0 = Debug|Any CPU
		{ED951773-0AD3-4FC9-B05D-2EB09C7E37CA}.Release|Any CPU.ActiveCfg = Release|Any CPU
		{ED951773-0AD3-4FC9-B05D-2EB09C7E37CA}.Release|Any CPU.Build.0 = Release|Any CPU
		{ED951773-0AD3-4FC9-B05D-2EB09C7E37CA}.Release|x64.ActiveCfg = Release|Any CPU
		{ED951773-0AD3-4FC9-B05D-2EB09C7E37CA}.Release|x64.Build.0 = Release|Any CPU
		{ED951773-0AD3-4FC9-B05D-2EB09C7E37CA}.Release|x86.ActiveCfg = Release|Any CPU
		{ED951773-0AD3-4FC9-B05D-2EB09C7E37CA}.Release|x86.Build.0 = Release|Any CPU
		{286663B5-A5CF-488B-BAAD-A294D1A7B2A5}.Debug|Any CPU.ActiveCfg = Debug|Any CPU
		{286663B5-A5CF-488B-BAAD-A294D1A7B2A5}.Debug|Any CPU.Build.0 = Debug|Any CPU
		{286663B5-A5CF-488B-BAAD-A294D1A7B2A5}.Debug|x64.ActiveCfg = Debug|Any CPU
		{286663B5-A5CF-488B-BAAD-A294D1A7B2A5}.Debug|x64.Build.0 = Debug|Any CPU
		{286663B5-A5CF-488B-BAAD-A294D1A7B2A5}.Debug|x86.ActiveCfg = Debug|Any CPU
		{286663B5-A5CF-488B-BAAD-A294D1A7B2A5}.Debug|x86.Build.0 = Debug|Any CPU
		{286663B5-A5CF-488B-BAAD-A294D1A7B2A5}.Release|Any CPU.ActiveCfg = Release|Any CPU
		{286663B5-A5CF-488B-BAAD-A294D1A7B2A5}.Release|Any CPU.Build.0 = Release|Any CPU
		{286663B5-A5CF-488B-BAAD-A294D1A7B2A5}.Release|x64.ActiveCfg = Release|Any CPU
		{286663B5-A5CF-488B-BAAD-A294D1A7B2A5}.Release|x64.Build.0 = Release|Any CPU
		{286663B5-A5CF-488B-BAAD-A294D1A7B2A5}.Release|x86.ActiveCfg = Release|Any CPU
		{286663B5-A5CF-488B-BAAD-A294D1A7B2A5}.Release|x86.Build.0 = Release|Any CPU
		{F4AEC6D5-FFFE-43E7-B121-1660BE62C6D1}.Debug|Any CPU.ActiveCfg = Debug|Any CPU
		{F4AEC6D5-FFFE-43E7-B121-1660BE62C6D1}.Debug|Any CPU.Build.0 = Debug|Any CPU
		{F4AEC6D5-FFFE-43E7-B121-1660BE62C6D1}.Debug|x64.ActiveCfg = Debug|Any CPU
		{F4AEC6D5-FFFE-43E7-B121-1660BE62C6D1}.Debug|x64.Build.0 = Debug|Any CPU
		{F4AEC6D5-FFFE-43E7-B121-1660BE62C6D1}.Debug|x86.ActiveCfg = Debug|Any CPU
		{F4AEC6D5-FFFE-43E7-B121-1660BE62C6D1}.Debug|x86.Build.0 = Debug|Any CPU
		{F4AEC6D5-FFFE-43E7-B121-1660BE62C6D1}.Release|Any CPU.ActiveCfg = Release|Any CPU
		{F4AEC6D5-FFFE-43E7-B121-1660BE62C6D1}.Release|Any CPU.Build.0 = Release|Any CPU
		{F4AEC6D5-FFFE-43E7-B121-1660BE62C6D1}.Release|x64.ActiveCfg = Release|Any CPU
		{F4AEC6D5-FFFE-43E7-B121-1660BE62C6D1}.Release|x64.Build.0 = Release|Any CPU
		{F4AEC6D5-FFFE-43E7-B121-1660BE62C6D1}.Release|x86.ActiveCfg = Release|Any CPU
		{F4AEC6D5-FFFE-43E7-B121-1660BE62C6D1}.Release|x86.Build.0 = Release|Any CPU
	EndGlobalSection
	GlobalSection(SolutionProperties) = preSolution
		HideSolutionNode = FALSE
	EndGlobalSection
	GlobalSection(NestedProjects) = preSolution
		{32F8148D-8D81-4F83-8032-7992967E2B9F} = {827E0CD3-B72D-47B6-A68D-7590B98EB39B}
		{AD9D006A-C924-4B05-95BB-FD310F7BAA29} = {827E0CD3-B72D-47B6-A68D-7590B98EB39B}
		{621CA7E8-F39E-4E8A-945B-8967C76908DF} = {827E0CD3-B72D-47B6-A68D-7590B98EB39B}
		{38C47280-31CB-469C-B9FF-904937568D10} = {827E0CD3-B72D-47B6-A68D-7590B98EB39B}
		{77A8B521-AB77-427A-809F-0EA841D1BE3C} = {0AB3BF05-4346-4AA6-1389-037BE0695223}
		{24D2381F-1341-476F-8BA8-5B1E139683FB} = {0AB3BF05-4346-4AA6-1389-037BE0695223}
		{8627E0C4-1F6E-4961-875F-E8326A25F63D} = {0AB3BF05-4346-4AA6-1389-037BE0695223}
		{56E227E9-5067-4157-838C-D64DDE58B846} = {0AB3BF05-4346-4AA6-1389-037BE0695223}
		{FC44810B-14D5-4BA7-877C-3BACB907D91A} = {0AB3BF05-4346-4AA6-1389-037BE0695223}
		{B8F9A5E1-2D3C-4F7B-9E8A-1C5D6E7F8A9B} = {0AB3BF05-4346-4AA6-1389-037BE0695223}
		{ED951773-0AD3-4FC9-B05D-2EB09C7E37CA} = {5D20AA90-6969-D8BD-9DCD-8634F4692FDA}
		{286663B5-A5CF-488B-BAAD-A294D1A7B2A5} = {5D20AA90-6969-D8BD-9DCD-8634F4692FDA}
		{F4AEC6D5-FFFE-43E7-B121-1660BE62C6D1} = {5D20AA90-6969-D8BD-9DCD-8634F4692FDA}
	EndGlobalSection
EndGlobal
